// !$*UTF8*$!
{
	archiveVersion = 1;
	classes = {
	};
	objectVersion = 51;
	objects = {

/* Begin PBXBuildFile section */
		615D15776E098814253B27D1 /* Pods_MySpotify_MySpotifyUITests.framework in Frameworks */ = {isa = PBXBuildFile; fileRef = 3DA175EF3880ACE0311FA8A1 /* Pods_MySpotify_MySpotifyUITests.framework */; };
		95A51AE4B6E3ADF95A3F03FA /* Pods_MySpotifyTests.framework in Frameworks */ = {isa = PBXBuildFile; fileRef = 284BA86429704F6247FAB56E /* Pods_MySpotifyTests.framework */; };
		9C588A512700CF4800B785F9 /* AppDelegate.swift in Sources */ = {isa = PBXBuildFile; fileRef = 9C588A502700CF4800B785F9 /* AppDelegate.swift */; };
		9C588A532700CF4800B785F9 /* SceneDelegate.swift in Sources */ = {isa = PBXBuildFile; fileRef = 9C588A522700CF4800B785F9 /* SceneDelegate.swift */; };
		9C588A552700CF4800B785F9 /* ViewController.swift in Sources */ = {isa = PBXBuildFile; fileRef = 9C588A542700CF4800B785F9 /* ViewController.swift */; };
		9C588A582700CF4800B785F9 /* Main.storyboard in Resources */ = {isa = PBXBuildFile; fileRef = 9C588A562700CF4800B785F9 /* Main.storyboard */; };
		9C588A5B2700CF4800B785F9 /* MySpotify.xcdatamodeld in Sources */ = {isa = PBXBuildFile; fileRef = 9C588A592700CF4800B785F9 /* MySpotify.xcdatamodeld */; };
		9C588A5D2700CF4900B785F9 /* Assets.xcassets in Resources */ = {isa = PBXBuildFile; fileRef = 9C588A5C2700CF4900B785F9 /* Assets.xcassets */; };
		9C588A602700CF4900B785F9 /* LaunchScreen.storyboard in Resources */ = {isa = PBXBuildFile; fileRef = 9C588A5E2700CF4900B785F9 /* LaunchScreen.storyboard */; };
		9C588A6B2700CF4900B785F9 /* MySpotifyTests.swift in Sources */ = {isa = PBXBuildFile; fileRef = 9C588A6A2700CF4900B785F9 /* MySpotifyTests.swift */; };
		9C588A762700CF4900B785F9 /* MySpotifyUITests.swift in Sources */ = {isa = PBXBuildFile; fileRef = 9C588A752700CF4900B785F9 /* MySpotifyUITests.swift */; };
		9C588A902700D45E00B785F9 /* BaseViewController.swift in Sources */ = {isa = PBXBuildFile; fileRef = 9C588A8C2700D45E00B785F9 /* BaseViewController.swift */; };
		9C588A912700D45E00B785F9 /* UIViewController.swift in Sources */ = {isa = PBXBuildFile; fileRef = 9C588A8D2700D45E00B785F9 /* UIViewController.swift */; };
		9C588A922700D45E00B785F9 /* AuthManager.swift in Sources */ = {isa = PBXBuildFile; fileRef = 9C588A8F2700D45E00B785F9 /* AuthManager.swift */; };
		9C588AA42700D4D100B785F9 /* HomeViewController.swift in Sources */ = {isa = PBXBuildFile; fileRef = 9C588A962700D4D100B785F9 /* HomeViewController.swift */; };
		9C588AA52700D4D100B785F9 /* AuthViewController.swift in Sources */ = {isa = PBXBuildFile; fileRef = 9C588A992700D4D100B785F9 /* AuthViewController.swift */; };
		9C588AA62700D4D100B785F9 /* LibraryViewController.swift in Sources */ = {isa = PBXBuildFile; fileRef = 9C588A9C2700D4D100B785F9 /* LibraryViewController.swift */; };
		9C588AA72700D4D100B785F9 /* SearchViewController.swift in Sources */ = {isa = PBXBuildFile; fileRef = 9C588A9F2700D4D100B785F9 /* SearchViewController.swift */; };
		9C588AA82700D4D100B785F9 /* TabBarViewController.swift in Sources */ = {isa = PBXBuildFile; fileRef = 9C588AA02700D4D100B785F9 /* TabBarViewController.swift */; };
		9C588AA92700D4D100B785F9 /* WelcomeViewController.swift in Sources */ = {isa = PBXBuildFile; fileRef = 9C588AA32700D4D100B785F9 /* WelcomeViewController.swift */; };
		9C588AAC2700D58B00B785F9 /* Constants.swift in Sources */ = {isa = PBXBuildFile; fileRef = 9C588AAB2700D58B00B785F9 /* Constants.swift */; };
		F84F9F16102740686D34C633 /* Pods_MySpotify.framework in Frameworks */ = {isa = PBXBuildFile; fileRef = C7E5F672DC88C61ED36A9420 /* Pods_MySpotify.framework */; };
/* End PBXBuildFile section */

/* Begin PBXContainerItemProxy section */
		9C588A672700CF4900B785F9 /* PBXContainerItemProxy */ = {
			isa = PBXContainerItemProxy;
			containerPortal = 9C588A452700CF4800B785F9 /* Project object */;
			proxyType = 1;
			remoteGlobalIDString = 9C588A4C2700CF4800B785F9;
			remoteInfo = MySpotify;
		};
		9C588A722700CF4900B785F9 /* PBXContainerItemProxy */ = {
			isa = PBXContainerItemProxy;
			containerPortal = 9C588A452700CF4800B785F9 /* Project object */;
			proxyType = 1;
			remoteGlobalIDString = 9C588A4C2700CF4800B785F9;
			remoteInfo = MySpotify;
		};
/* End PBXContainerItemProxy section */

/* Begin PBXFileReference section */
		284BA86429704F6247FAB56E /* Pods_MySpotifyTests.framework */ = {isa = PBXFileReference; explicitFileType = wrapper.framework; includeInIndex = 0; path = Pods_MySpotifyTests.framework; sourceTree = BUILT_PRODUCTS_DIR; };
		3DA175EF3880ACE0311FA8A1 /* Pods_MySpotify_MySpotifyUITests.framework */ = {isa = PBXFileReference; explicitFileType = wrapper.framework; includeInIndex = 0; path = Pods_MySpotify_MySpotifyUITests.framework; sourceTree = BUILT_PRODUCTS_DIR; };
		3FD29AEC4984604D1F53450C /* Pods-MySpotify-MySpotifyUITests.release.xcconfig */ = {isa = PBXFileReference; includeInIndex = 1; lastKnownFileType = text.xcconfig; name = "Pods-MySpotify-MySpotifyUITests.release.xcconfig"; path = "Target Support Files/Pods-MySpotify-MySpotifyUITests/Pods-MySpotify-MySpotifyUITests.release.xcconfig"; sourceTree = "<group>"; };
		74258F16B3A3AD5BBCEC2B50 /* Pods-MySpotify.release.xcconfig */ = {isa = PBXFileReference; includeInIndex = 1; lastKnownFileType = text.xcconfig; name = "Pods-MySpotify.release.xcconfig"; path = "Target Support Files/Pods-MySpotify/Pods-MySpotify.release.xcconfig"; sourceTree = "<group>"; };
		9C588A4D2700CF4800B785F9 /* MySpotify.app */ = {isa = PBXFileReference; explicitFileType = wrapper.application; includeInIndex = 0; path = MySpotify.app; sourceTree = BUILT_PRODUCTS_DIR; };
		9C588A502700CF4800B785F9 /* AppDelegate.swift */ = {isa = PBXFileReference; lastKnownFileType = sourcecode.swift; path = AppDelegate.swift; sourceTree = "<group>"; };
		9C588A522700CF4800B785F9 /* SceneDelegate.swift */ = {isa = PBXFileReference; lastKnownFileType = sourcecode.swift; path = SceneDelegate.swift; sourceTree = "<group>"; };
		9C588A542700CF4800B785F9 /* ViewController.swift */ = {isa = PBXFileReference; lastKnownFileType = sourcecode.swift; path = ViewController.swift; sourceTree = "<group>"; };
		9C588A572700CF4800B785F9 /* Base */ = {isa = PBXFileReference; lastKnownFileType = file.storyboard; name = Base; path = Base.lproj/Main.storyboard; sourceTree = "<group>"; };
		9C588A5A2700CF4800B785F9 /* MySpotify.xcdatamodel */ = {isa = PBXFileReference; lastKnownFileType = wrapper.xcdatamodel; path = MySpotify.xcdatamodel; sourceTree = "<group>"; };
		9C588A5C2700CF4900B785F9 /* Assets.xcassets */ = {isa = PBXFileReference; lastKnownFileType = folder.assetcatalog; path = Assets.xcassets; sourceTree = "<group>"; };
		9C588A5F2700CF4900B785F9 /* Base */ = {isa = PBXFileReference; lastKnownFileType = file.storyboard; name = Base; path = Base.lproj/LaunchScreen.storyboard; sourceTree = "<group>"; };
		9C588A612700CF4900B785F9 /* Info.plist */ = {isa = PBXFileReference; lastKnownFileType = text.plist.xml; path = Info.plist; sourceTree = "<group>"; };
		9C588A662700CF4900B785F9 /* MySpotifyTests.xctest */ = {isa = PBXFileReference; explicitFileType = wrapper.cfbundle; includeInIndex = 0; path = MySpotifyTests.xctest; sourceTree = BUILT_PRODUCTS_DIR; };
		9C588A6A2700CF4900B785F9 /* MySpotifyTests.swift */ = {isa = PBXFileReference; lastKnownFileType = sourcecode.swift; path = MySpotifyTests.swift; sourceTree = "<group>"; };
		9C588A6C2700CF4900B785F9 /* Info.plist */ = {isa = PBXFileReference; lastKnownFileType = text.plist.xml; path = Info.plist; sourceTree = "<group>"; };
		9C588A712700CF4900B785F9 /* MySpotifyUITests.xctest */ = {isa = PBXFileReference; explicitFileType = wrapper.cfbundle; includeInIndex = 0; path = MySpotifyUITests.xctest; sourceTree = BUILT_PRODUCTS_DIR; };
		9C588A752700CF4900B785F9 /* MySpotifyUITests.swift */ = {isa = PBXFileReference; lastKnownFileType = sourcecode.swift; path = MySpotifyUITests.swift; sourceTree = "<group>"; };
		9C588A772700CF4900B785F9 /* Info.plist */ = {isa = PBXFileReference; lastKnownFileType = text.plist.xml; path = Info.plist; sourceTree = "<group>"; };
		9C588A8C2700D45E00B785F9 /* BaseViewController.swift */ = {isa = PBXFileReference; fileEncoding = 4; lastKnownFileType = sourcecode.swift; path = BaseViewController.swift; sourceTree = "<group>"; };
		9C588A8D2700D45E00B785F9 /* UIViewController.swift */ = {isa = PBXFileReference; fileEncoding = 4; lastKnownFileType = sourcecode.swift; path = UIViewController.swift; sourceTree = "<group>"; };
		9C588A8F2700D45E00B785F9 /* AuthManager.swift */ = {isa = PBXFileReference; fileEncoding = 4; lastKnownFileType = sourcecode.swift; path = AuthManager.swift; sourceTree = "<group>"; };
		9C588A962700D4D100B785F9 /* HomeViewController.swift */ = {isa = PBXFileReference; fileEncoding = 4; lastKnownFileType = sourcecode.swift; path = HomeViewController.swift; sourceTree = "<group>"; };
		9C588A992700D4D100B785F9 /* AuthViewController.swift */ = {isa = PBXFileReference; fileEncoding = 4; lastKnownFileType = sourcecode.swift; path = AuthViewController.swift; sourceTree = "<group>"; };
		9C588A9C2700D4D100B785F9 /* LibraryViewController.swift */ = {isa = PBXFileReference; fileEncoding = 4; lastKnownFileType = sourcecode.swift; path = LibraryViewController.swift; sourceTree = "<group>"; };
		9C588A9F2700D4D100B785F9 /* SearchViewController.swift */ = {isa = PBXFileReference; fileEncoding = 4; lastKnownFileType = sourcecode.swift; path = SearchViewController.swift; sourceTree = "<group>"; };
		9C588AA02700D4D100B785F9 /* TabBarViewController.swift */ = {isa = PBXFileReference; fileEncoding = 4; lastKnownFileType = sourcecode.swift; path = TabBarViewController.swift; sourceTree = "<group>"; };
		9C588AA32700D4D100B785F9 /* WelcomeViewController.swift */ = {isa = PBXFileReference; fileEncoding = 4; lastKnownFileType = sourcecode.swift; path = WelcomeViewController.swift; sourceTree = "<group>"; };
		9C588AAB2700D58B00B785F9 /* Constants.swift */ = {isa = PBXFileReference; lastKnownFileType = sourcecode.swift; path = Constants.swift; sourceTree = "<group>"; };
		9C6438928D7888E413FEBA0C /* Pods-MySpotify-MySpotifyUITests.debug.xcconfig */ = {isa = PBXFileReference; includeInIndex = 1; lastKnownFileType = text.xcconfig; name = "Pods-MySpotify-MySpotifyUITests.debug.xcconfig"; path = "Target Support Files/Pods-MySpotify-MySpotifyUITests/Pods-MySpotify-MySpotifyUITests.debug.xcconfig"; sourceTree = "<group>"; };
		C12D84F0702116EC58CE83A8 /* Pods-MySpotify.debug.xcconfig */ = {isa = PBXFileReference; includeInIndex = 1; lastKnownFileType = text.xcconfig; name = "Pods-MySpotify.debug.xcconfig"; path = "Target Support Files/Pods-MySpotify/Pods-MySpotify.debug.xcconfig"; sourceTree = "<group>"; };
		C7E5F672DC88C61ED36A9420 /* Pods_MySpotify.framework */ = {isa = PBXFileReference; explicitFileType = wrapper.framework; includeInIndex = 0; path = Pods_MySpotify.framework; sourceTree = BUILT_PRODUCTS_DIR; };
		CFD83486B72ABDFC0A6C59E6 /* Pods-MySpotifyTests.release.xcconfig */ = {isa = PBXFileReference; includeInIndex = 1; lastKnownFileType = text.xcconfig; name = "Pods-MySpotifyTests.release.xcconfig"; path = "Target Support Files/Pods-MySpotifyTests/Pods-MySpotifyTests.release.xcconfig"; sourceTree = "<group>"; };
		DC1CFB0741134BE22B72EDFD /* Pods-MySpotifyTests.debug.xcconfig */ = {isa = PBXFileReference; includeInIndex = 1; lastKnownFileType = text.xcconfig; name = "Pods-MySpotifyTests.debug.xcconfig"; path = "Target Support Files/Pods-MySpotifyTests/Pods-MySpotifyTests.debug.xcconfig"; sourceTree = "<group>"; };
/* End PBXFileReference section */

/* Begin PBXFrameworksBuildPhase section */
		9C588A4A2700CF4800B785F9 /* Frameworks */ = {
			isa = PBXFrameworksBuildPhase;
			buildActionMask = 2147483647;
			files = (
				F84F9F16102740686D34C633 /* Pods_MySpotify.framework in Frameworks */,
			);
			runOnlyForDeploymentPostprocessing = 0;
		};
		9C588A632700CF4900B785F9 /* Frameworks */ = {
			isa = PBXFrameworksBuildPhase;
			buildActionMask = 2147483647;
			files = (
				95A51AE4B6E3ADF95A3F03FA /* Pods_MySpotifyTests.framework in Frameworks */,
			);
			runOnlyForDeploymentPostprocessing = 0;
		};
		9C588A6E2700CF4900B785F9 /* Frameworks */ = {
			isa = PBXFrameworksBuildPhase;
			buildActionMask = 2147483647;
			files = (
				615D15776E098814253B27D1 /* Pods_MySpotify_MySpotifyUITests.framework in Frameworks */,
			);
			runOnlyForDeploymentPostprocessing = 0;
		};
/* End PBXFrameworksBuildPhase section */

/* Begin PBXGroup section */
		9286745C6B3768A7F3BFA198 /* Frameworks */ = {
			isa = PBXGroup;
			children = (
				C7E5F672DC88C61ED36A9420 /* Pods_MySpotify.framework */,
				3DA175EF3880ACE0311FA8A1 /* Pods_MySpotify_MySpotifyUITests.framework */,
				284BA86429704F6247FAB56E /* Pods_MySpotifyTests.framework */,
			);
			name = Frameworks;
			sourceTree = "<group>";
		};
		9C588A442700CF4800B785F9 = {
			isa = PBXGroup;
			children = (
				9C588A4F2700CF4800B785F9 /* MySpotify */,
				9C588A692700CF4900B785F9 /* MySpotifyTests */,
				9C588A742700CF4900B785F9 /* MySpotifyUITests */,
				9C588A4E2700CF4800B785F9 /* Products */,
				D9E3DFAED341E348C3E39A24 /* Pods */,
				9286745C6B3768A7F3BFA198 /* Frameworks */,
			);
			sourceTree = "<group>";
		};
		9C588A4E2700CF4800B785F9 /* Products */ = {
			isa = PBXGroup;
			children = (
				9C588A4D2700CF4800B785F9 /* MySpotify.app */,
				9C588A662700CF4900B785F9 /* MySpotifyTests.xctest */,
				9C588A712700CF4900B785F9 /* MySpotifyUITests.xctest */,
			);
			name = Products;
			sourceTree = "<group>";
		};
		9C588A4F2700CF4800B785F9 /* MySpotify */ = {
			isa = PBXGroup;
			children = (
				9C588AAA2700D58200B785F9 /* Utils */,
				9C588A932700D4D100B785F9 /* Menu */,
				9C588A8B2700D45E00B785F9 /* Extensions */,
				9C588A8E2700D45E00B785F9 /* Managers */,
				9C588A842700D2E300B785F9 /* Resources */,
				9C588A832700D2D100B785F9 /* Base */,
				9C588A542700CF4800B785F9 /* ViewController.swift */,
				9C588A562700CF4800B785F9 /* Main.storyboard */,
				9C588A612700CF4900B785F9 /* Info.plist */,
				9C588A592700CF4800B785F9 /* MySpotify.xcdatamodeld */,
			);
			path = MySpotify;
			sourceTree = "<group>";
		};
		9C588A692700CF4900B785F9 /* MySpotifyTests */ = {
			isa = PBXGroup;
			children = (
				9C588A6A2700CF4900B785F9 /* MySpotifyTests.swift */,
				9C588A6C2700CF4900B785F9 /* Info.plist */,
			);
			path = MySpotifyTests;
			sourceTree = "<group>";
		};
		9C588A742700CF4900B785F9 /* MySpotifyUITests */ = {
			isa = PBXGroup;
			children = (
				9C588A752700CF4900B785F9 /* MySpotifyUITests.swift */,
				9C588A772700CF4900B785F9 /* Info.plist */,
			);
			path = MySpotifyUITests;
			sourceTree = "<group>";
		};
		9C588A832700D2D100B785F9 /* Base */ = {
			isa = PBXGroup;
			children = (
				9C588A5E2700CF4900B785F9 /* LaunchScreen.storyboard */,
				9C588A502700CF4800B785F9 /* AppDelegate.swift */,
				9C588A522700CF4800B785F9 /* SceneDelegate.swift */,
			);
			path = Base;
			sourceTree = "<group>";
		};
		9C588A842700D2E300B785F9 /* Resources */ = {
			isa = PBXGroup;
			children = (
				9C588A5C2700CF4900B785F9 /* Assets.xcassets */,
			);
			path = Resources;
			sourceTree = "<group>";
		};
		9C588A8B2700D45E00B785F9 /* Extensions */ = {
			isa = PBXGroup;
			children = (
				9C588A8C2700D45E00B785F9 /* BaseViewController.swift */,
				9C588A8D2700D45E00B785F9 /* UIViewController.swift */,
			);
			path = Extensions;
			sourceTree = "<group>";
		};
		9C588A8E2700D45E00B785F9 /* Managers */ = {
			isa = PBXGroup;
			children = (
				9C588A8F2700D45E00B785F9 /* AuthManager.swift */,
			);
			path = Managers;
			sourceTree = "<group>";
		};
		9C588A932700D4D100B785F9 /* Menu */ = {
			isa = PBXGroup;
			children = (
				9C588A942700D4D100B785F9 /* Home */,
				9C588A972700D4D100B785F9 /* Auth */,
				9C588A9A2700D4D100B785F9 /* Library */,
				9C588A9D2700D4D100B785F9 /* Search */,
				9C588AA02700D4D100B785F9 /* TabBarViewController.swift */,
				9C588AA12700D4D100B785F9 /* OnBoarding */,
			);
			path = Menu;
			sourceTree = "<group>";
		};
		9C588A942700D4D100B785F9 /* Home */ = {
			isa = PBXGroup;
			children = (
				9C588A952700D4D100B785F9 /* Views */,
			);
			path = Home;
			sourceTree = "<group>";
		};
		9C588A952700D4D100B785F9 /* Views */ = {
			isa = PBXGroup;
			children = (
				9C588A962700D4D100B785F9 /* HomeViewController.swift */,
			);
			path = Views;
			sourceTree = "<group>";
		};
		9C588A972700D4D100B785F9 /* Auth */ = {
			isa = PBXGroup;
			children = (
				9C588A982700D4D100B785F9 /* Views */,
			);
			path = Auth;
			sourceTree = "<group>";
		};
		9C588A982700D4D100B785F9 /* Views */ = {
			isa = PBXGroup;
			children = (
				9C588A992700D4D100B785F9 /* AuthViewController.swift */,
			);
			path = Views;
			sourceTree = "<group>";
		};
		9C588A9A2700D4D100B785F9 /* Library */ = {
			isa = PBXGroup;
			children = (
				9C588A9B2700D4D100B785F9 /* Views */,
			);
			path = Library;
			sourceTree = "<group>";
		};
		9C588A9B2700D4D100B785F9 /* Views */ = {
			isa = PBXGroup;
			children = (
				9C588A9C2700D4D100B785F9 /* LibraryViewController.swift */,
			);
			path = Views;
			sourceTree = "<group>";
		};
		9C588A9D2700D4D100B785F9 /* Search */ = {
			isa = PBXGroup;
			children = (
				9C588A9E2700D4D100B785F9 /* Views */,
			);
			path = Search;
			sourceTree = "<group>";
		};
		9C588A9E2700D4D100B785F9 /* Views */ = {
			isa = PBXGroup;
			children = (
				9C588A9F2700D4D100B785F9 /* SearchViewController.swift */,
			);
			path = Views;
			sourceTree = "<group>";
		};
		9C588AA12700D4D100B785F9 /* OnBoarding */ = {
			isa = PBXGroup;
			children = (
				9C588AA22700D4D100B785F9 /* Views */,
			);
			path = OnBoarding;
			sourceTree = "<group>";
		};
		9C588AA22700D4D100B785F9 /* Views */ = {
			isa = PBXGroup;
			children = (
				9C588AA32700D4D100B785F9 /* WelcomeViewController.swift */,
			);
			path = Views;
			sourceTree = "<group>";
		};
		9C588AAA2700D58200B785F9 /* Utils */ = {
			isa = PBXGroup;
			children = (
				9C588AAB2700D58B00B785F9 /* Constants.swift */,
			);
			path = Utils;
			sourceTree = "<group>";
		};
		D9E3DFAED341E348C3E39A24 /* Pods */ = {
			isa = PBXGroup;
			children = (
				C12D84F0702116EC58CE83A8 /* Pods-MySpotify.debug.xcconfig */,
				74258F16B3A3AD5BBCEC2B50 /* Pods-MySpotify.release.xcconfig */,
				9C6438928D7888E413FEBA0C /* Pods-MySpotify-MySpotifyUITests.debug.xcconfig */,
				3FD29AEC4984604D1F53450C /* Pods-MySpotify-MySpotifyUITests.release.xcconfig */,
				DC1CFB0741134BE22B72EDFD /* Pods-MySpotifyTests.debug.xcconfig */,
				CFD83486B72ABDFC0A6C59E6 /* Pods-MySpotifyTests.release.xcconfig */,
			);
			path = Pods;
			sourceTree = "<group>";
		};
/* End PBXGroup section */

/* Begin PBXNativeTarget section */
		9C588A4C2700CF4800B785F9 /* MySpotify */ = {
			isa = PBXNativeTarget;
			buildConfigurationList = 9C588A7A2700CF4900B785F9 /* Build configuration list for PBXNativeTarget "MySpotify" */;
			buildPhases = (
				E2A8F32516B4A060FAD3AE38 /* [CP] Check Pods Manifest.lock */,
				9C588A492700CF4800B785F9 /* Sources */,
				9C588A4A2700CF4800B785F9 /* Frameworks */,
				9C588A4B2700CF4800B785F9 /* Resources */,
				8DED6BF9A8AFEC2E8DC3DBE3 /* [CP] Embed Pods Frameworks */,
			);
			buildRules = (
			);
			dependencies = (
			);
			name = MySpotify;
			productName = MySpotify;
			productReference = 9C588A4D2700CF4800B785F9 /* MySpotify.app */;
			productType = "com.apple.product-type.application";
		};
		9C588A652700CF4900B785F9 /* MySpotifyTests */ = {
			isa = PBXNativeTarget;
			buildConfigurationList = 9C588A7D2700CF4900B785F9 /* Build configuration list for PBXNativeTarget "MySpotifyTests" */;
			buildPhases = (
				428CC3FBE278F60379AC71A2 /* [CP] Check Pods Manifest.lock */,
				9C588A622700CF4900B785F9 /* Sources */,
				9C588A632700CF4900B785F9 /* Frameworks */,
				9C588A642700CF4900B785F9 /* Resources */,
			);
			buildRules = (
			);
			dependencies = (
				9C588A682700CF4900B785F9 /* PBXTargetDependency */,
			);
			name = MySpotifyTests;
			productName = MySpotifyTests;
			productReference = 9C588A662700CF4900B785F9 /* MySpotifyTests.xctest */;
			productType = "com.apple.product-type.bundle.unit-test";
		};
		9C588A702700CF4900B785F9 /* MySpotifyUITests */ = {
			isa = PBXNativeTarget;
			buildConfigurationList = 9C588A802700CF4900B785F9 /* Build configuration list for PBXNativeTarget "MySpotifyUITests" */;
			buildPhases = (
				D92F8C03DFB17754567C943F /* [CP] Check Pods Manifest.lock */,
				9C588A6D2700CF4900B785F9 /* Sources */,
				9C588A6E2700CF4900B785F9 /* Frameworks */,
				9C588A6F2700CF4900B785F9 /* Resources */,
				E473B2C450A27E12B902047D /* [CP] Embed Pods Frameworks */,
			);
			buildRules = (
			);
			dependencies = (
				9C588A732700CF4900B785F9 /* PBXTargetDependency */,
			);
			name = MySpotifyUITests;
			productName = MySpotifyUITests;
			productReference = 9C588A712700CF4900B785F9 /* MySpotifyUITests.xctest */;
			productType = "com.apple.product-type.bundle.ui-testing";
		};
/* End PBXNativeTarget section */

/* Begin PBXProject section */
		9C588A452700CF4800B785F9 /* Project object */ = {
			isa = PBXProject;
			attributes = {
				LastSwiftUpdateCheck = 1250;
				LastUpgradeCheck = 1250;
				TargetAttributes = {
					9C588A4C2700CF4800B785F9 = {
						CreatedOnToolsVersion = 12.5.1;
					};
					9C588A652700CF4900B785F9 = {
						CreatedOnToolsVersion = 12.5.1;
						TestTargetID = 9C588A4C2700CF4800B785F9;
					};
					9C588A702700CF4900B785F9 = {
						CreatedOnToolsVersion = 12.5.1;
						TestTargetID = 9C588A4C2700CF4800B785F9;
					};
				};
			};
			buildConfigurationList = 9C588A482700CF4800B785F9 /* Build configuration list for PBXProject "MySpotify" */;
			compatibilityVersion = "Xcode 9.3";
			developmentRegion = en;
			hasScannedForEncodings = 0;
			knownRegions = (
				en,
				Base,
			);
			mainGroup = 9C588A442700CF4800B785F9;
			productRefGroup = 9C588A4E2700CF4800B785F9 /* Products */;
			projectDirPath = "";
			projectRoot = "";
			targets = (
				9C588A4C2700CF4800B785F9 /* MySpotify */,
				9C588A652700CF4900B785F9 /* MySpotifyTests */,
				9C588A702700CF4900B785F9 /* MySpotifyUITests */,
			);
		};
/* End PBXProject section */

/* Begin PBXResourcesBuildPhase section */
		9C588A4B2700CF4800B785F9 /* Resources */ = {
			isa = PBXResourcesBuildPhase;
			buildActionMask = 2147483647;
			files = (
				9C588A602700CF4900B785F9 /* LaunchScreen.storyboard in Resources */,
				9C588A5D2700CF4900B785F9 /* Assets.xcassets in Resources */,
				9C588A582700CF4800B785F9 /* Main.storyboard in Resources */,
			);
			runOnlyForDeploymentPostprocessing = 0;
		};
		9C588A642700CF4900B785F9 /* Resources */ = {
			isa = PBXResourcesBuildPhase;
			buildActionMask = 2147483647;
			files = (
			);
			runOnlyForDeploymentPostprocessing = 0;
		};
		9C588A6F2700CF4900B785F9 /* Resources */ = {
			isa = PBXResourcesBuildPhase;
			buildActionMask = 2147483647;
			files = (
			);
			runOnlyForDeploymentPostprocessing = 0;
		};
/* End PBXResourcesBuildPhase section */

/* Begin PBXShellScriptBuildPhase section */
		428CC3FBE278F60379AC71A2 /* [CP] Check Pods Manifest.lock */ = {
			isa = PBXShellScriptBuildPhase;
			buildActionMask = 2147483647;
			files = (
			);
			inputFileListPaths = (
			);
			inputPaths = (
				"${PODS_PODFILE_DIR_PATH}/Podfile.lock",
				"${PODS_ROOT}/Manifest.lock",
			);
			name = "[CP] Check Pods Manifest.lock";
			outputFileListPaths = (
			);
			outputPaths = (
				"$(DERIVED_FILE_DIR)/Pods-MySpotifyTests-checkManifestLockResult.txt",
			);
			runOnlyForDeploymentPostprocessing = 0;
			shellPath = /bin/sh;
			shellScript = "diff \"${PODS_PODFILE_DIR_PATH}/Podfile.lock\" \"${PODS_ROOT}/Manifest.lock\" > /dev/null\nif [ $? != 0 ] ; then\n    # print error to STDERR\n    echo \"error: The sandbox is not in sync with the Podfile.lock. Run 'pod install' or update your CocoaPods installation.\" >&2\n    exit 1\nfi\n# This output is used by Xcode 'outputs' to avoid re-running this script phase.\necho \"SUCCESS\" > \"${SCRIPT_OUTPUT_FILE_0}\"\n";
			showEnvVarsInLog = 0;
		};
		8DED6BF9A8AFEC2E8DC3DBE3 /* [CP] Embed Pods Frameworks */ = {
			isa = PBXShellScriptBuildPhase;
			buildActionMask = 2147483647;
			files = (
			);
			inputFileListPaths = (
				"${PODS_ROOT}/Target Support Files/Pods-MySpotify/Pods-MySpotify-frameworks-${CONFIGURATION}-input-files.xcfilelist",
			);
			name = "[CP] Embed Pods Frameworks";
			outputFileListPaths = (
				"${PODS_ROOT}/Target Support Files/Pods-MySpotify/Pods-MySpotify-frameworks-${CONFIGURATION}-output-files.xcfilelist",
			);
			runOnlyForDeploymentPostprocessing = 0;
			shellPath = /bin/sh;
			shellScript = "\"${PODS_ROOT}/Target Support Files/Pods-MySpotify/Pods-MySpotify-frameworks.sh\"\n";
			showEnvVarsInLog = 0;
		};
		D92F8C03DFB17754567C943F /* [CP] Check Pods Manifest.lock */ = {
			isa = PBXShellScriptBuildPhase;
			buildActionMask = 2147483647;
			files = (
			);
			inputFileListPaths = (
			);
			inputPaths = (
				"${PODS_PODFILE_DIR_PATH}/Podfile.lock",
				"${PODS_ROOT}/Manifest.lock",
			);
			name = "[CP] Check Pods Manifest.lock";
			outputFileListPaths = (
			);
			outputPaths = (
				"$(DERIVED_FILE_DIR)/Pods-MySpotify-MySpotifyUITests-checkManifestLockResult.txt",
			);
			runOnlyForDeploymentPostprocessing = 0;
			shellPath = /bin/sh;
			shellScript = "diff \"${PODS_PODFILE_DIR_PATH}/Podfile.lock\" \"${PODS_ROOT}/Manifest.lock\" > /dev/null\nif [ $? != 0 ] ; then\n    # print error to STDERR\n    echo \"error: The sandbox is not in sync with the Podfile.lock. Run 'pod install' or update your CocoaPods installation.\" >&2\n    exit 1\nfi\n# This output is used by Xcode 'outputs' to avoid re-running this script phase.\necho \"SUCCESS\" > \"${SCRIPT_OUTPUT_FILE_0}\"\n";
			showEnvVarsInLog = 0;
		};
		E2A8F32516B4A060FAD3AE38 /* [CP] Check Pods Manifest.lock */ = {
			isa = PBXShellScriptBuildPhase;
			buildActionMask = 2147483647;
			files = (
			);
			inputFileListPaths = (
			);
			inputPaths = (
				"${PODS_PODFILE_DIR_PATH}/Podfile.lock",
				"${PODS_ROOT}/Manifest.lock",
			);
			name = "[CP] Check Pods Manifest.lock";
			outputFileListPaths = (
			);
			outputPaths = (
				"$(DERIVED_FILE_DIR)/Pods-MySpotify-checkManifestLockResult.txt",
			);
			runOnlyForDeploymentPostprocessing = 0;
			shellPath = /bin/sh;
			shellScript = "diff \"${PODS_PODFILE_DIR_PATH}/Podfile.lock\" \"${PODS_ROOT}/Manifest.lock\" > /dev/null\nif [ $? != 0 ] ; then\n    # print error to STDERR\n    echo \"error: The sandbox is not in sync with the Podfile.lock. Run 'pod install' or update your CocoaPods installation.\" >&2\n    exit 1\nfi\n# This output is used by Xcode 'outputs' to avoid re-running this script phase.\necho \"SUCCESS\" > \"${SCRIPT_OUTPUT_FILE_0}\"\n";
			showEnvVarsInLog = 0;
		};
		E473B2C450A27E12B902047D /* [CP] Embed Pods Frameworks */ = {
			isa = PBXShellScriptBuildPhase;
			buildActionMask = 2147483647;
			files = (
			);
			inputFileListPaths = (
				"${PODS_ROOT}/Target Support Files/Pods-MySpotify-MySpotifyUITests/Pods-MySpotify-MySpotifyUITests-frameworks-${CONFIGURATION}-input-files.xcfilelist",
			);
			name = "[CP] Embed Pods Frameworks";
			outputFileListPaths = (
				"${PODS_ROOT}/Target Support Files/Pods-MySpotify-MySpotifyUITests/Pods-MySpotify-MySpotifyUITests-frameworks-${CONFIGURATION}-output-files.xcfilelist",
			);
			runOnlyForDeploymentPostprocessing = 0;
			shellPath = /bin/sh;
			shellScript = "\"${PODS_ROOT}/Target Support Files/Pods-MySpotify-MySpotifyUITests/Pods-MySpotify-MySpotifyUITests-frameworks.sh\"\n";
			showEnvVarsInLog = 0;
		};
/* End PBXShellScriptBuildPhase section */

/* Begin PBXSourcesBuildPhase section */
		9C588A492700CF4800B785F9 /* Sources */ = {
			isa = PBXSourcesBuildPhase;
			buildActionMask = 2147483647;
			files = (
				9C588A902700D45E00B785F9 /* BaseViewController.swift in Sources */,
				9C588AA72700D4D100B785F9 /* SearchViewController.swift in Sources */,
				9C588A922700D45E00B785F9 /* AuthManager.swift in Sources */,
				9C588A552700CF4800B785F9 /* ViewController.swift in Sources */,
				9C588AA82700D4D100B785F9 /* TabBarViewController.swift in Sources */,
				9C588AA42700D4D100B785F9 /* HomeViewController.swift in Sources */,
				9C588AA92700D4D100B785F9 /* WelcomeViewController.swift in Sources */,
				9C588A912700D45E00B785F9 /* UIViewController.swift in Sources */,
				9C588A512700CF4800B785F9 /* AppDelegate.swift in Sources */,
				9C588AA62700D4D100B785F9 /* LibraryViewController.swift in Sources */,
				9C588A5B2700CF4800B785F9 /* MySpotify.xcdatamodeld in Sources */,
				9C588AAC2700D58B00B785F9 /* Constants.swift in Sources */,
				9C588AA52700D4D100B785F9 /* AuthViewController.swift in Sources */,
				9C588A532700CF4800B785F9 /* SceneDelegate.swift in Sources */,
			);
			runOnlyForDeploymentPostprocessing = 0;
		};
		9C588A622700CF4900B785F9 /* Sources */ = {
			isa = PBXSourcesBuildPhase;
			buildActionMask = 2147483647;
			files = (
				9C588A6B2700CF4900B785F9 /* MySpotifyTests.swift in Sources */,
			);
			runOnlyForDeploymentPostprocessing = 0;
		};
		9C588A6D2700CF4900B785F9 /* Sources */ = {
			isa = PBXSourcesBuildPhase;
			buildActionMask = 2147483647;
			files = (
				9C588A762700CF4900B785F9 /* MySpotifyUITests.swift in Sources */,
			);
			runOnlyForDeploymentPostprocessing = 0;
		};
/* End PBXSourcesBuildPhase section */

/* Begin PBXTargetDependency section */
		9C588A682700CF4900B785F9 /* PBXTargetDependency */ = {
			isa = PBXTargetDependency;
			target = 9C588A4C2700CF4800B785F9 /* MySpotify */;
			targetProxy = 9C588A672700CF4900B785F9 /* PBXContainerItemProxy */;
		};
		9C588A732700CF4900B785F9 /* PBXTargetDependency */ = {
			isa = PBXTargetDependency;
			target = 9C588A4C2700CF4800B785F9 /* MySpotify */;
			targetProxy = 9C588A722700CF4900B785F9 /* PBXContainerItemProxy */;
		};
/* End PBXTargetDependency section */

/* Begin PBXVariantGroup section */
		9C588A562700CF4800B785F9 /* Main.storyboard */ = {
			isa = PBXVariantGroup;
			children = (
				9C588A572700CF4800B785F9 /* Base */,
			);
			name = Main.storyboard;
			sourceTree = "<group>";
		};
		9C588A5E2700CF4900B785F9 /* LaunchScreen.storyboard */ = {
			isa = PBXVariantGroup;
			children = (
				9C588A5F2700CF4900B785F9 /* Base */,
			);
			name = LaunchScreen.storyboard;
			sourceTree = "<group>";
		};
/* End PBXVariantGroup section */

/* Begin XCBuildConfiguration section */
		9C588A782700CF4900B785F9 /* Debug */ = {
			isa = XCBuildConfiguration;
			buildSettings = {
				ALWAYS_SEARCH_USER_PATHS = NO;
				CLANG_ANALYZER_NONNULL = YES;
				CLANG_ANALYZER_NUMBER_OBJECT_CONVERSION = YES_AGGRESSIVE;
				CLANG_CXX_LANGUAGE_STANDARD = "gnu++14";
				CLANG_CXX_LIBRARY = "libc++";
				CLANG_ENABLE_MODULES = YES;
				CLANG_ENABLE_OBJC_ARC = YES;
				CLANG_ENABLE_OBJC_WEAK = YES;
				CLANG_WARN_BLOCK_CAPTURE_AUTORELEASING = YES;
				CLANG_WARN_BOOL_CONVERSION = YES;
				CLANG_WARN_COMMA = YES;
				CLANG_WARN_CONSTANT_CONVERSION = YES;
				CLANG_WARN_DEPRECATED_OBJC_IMPLEMENTATIONS = YES;
				CLANG_WARN_DIRECT_OBJC_ISA_USAGE = YES_ERROR;
				CLANG_WARN_DOCUMENTATION_COMMENTS = YES;
				CLANG_WARN_EMPTY_BODY = YES;
				CLANG_WARN_ENUM_CONVERSION = YES;
				CLANG_WARN_INFINITE_RECURSION = YES;
				CLANG_WARN_INT_CONVERSION = YES;
				CLANG_WARN_NON_LITERAL_NULL_CONVERSION = YES;
				CLANG_WARN_OBJC_IMPLICIT_RETAIN_SELF = YES;
				CLANG_WARN_OBJC_LITERAL_CONVERSION = YES;
				CLANG_WARN_OBJC_ROOT_CLASS = YES_ERROR;
				CLANG_WARN_QUOTED_INCLUDE_IN_FRAMEWORK_HEADER = YES;
				CLANG_WARN_RANGE_LOOP_ANALYSIS = YES;
				CLANG_WARN_STRICT_PROTOTYPES = YES;
				CLANG_WARN_SUSPICIOUS_MOVE = YES;
				CLANG_WARN_UNGUARDED_AVAILABILITY = YES_AGGRESSIVE;
				CLANG_WARN_UNREACHABLE_CODE = YES;
				CLANG_WARN__DUPLICATE_METHOD_MATCH = YES;
				COPY_PHASE_STRIP = NO;
				DEBUG_INFORMATION_FORMAT = dwarf;
				ENABLE_STRICT_OBJC_MSGSEND = YES;
				ENABLE_TESTABILITY = YES;
				GCC_C_LANGUAGE_STANDARD = gnu11;
				GCC_DYNAMIC_NO_PIC = NO;
				GCC_NO_COMMON_BLOCKS = YES;
				GCC_OPTIMIZATION_LEVEL = 0;
				GCC_PREPROCESSOR_DEFINITIONS = (
					"DEBUG=1",
					"$(inherited)",
				);
				GCC_WARN_64_TO_32_BIT_CONVERSION = YES;
				GCC_WARN_ABOUT_RETURN_TYPE = YES_ERROR;
				GCC_WARN_UNDECLARED_SELECTOR = YES;
				GCC_WARN_UNINITIALIZED_AUTOS = YES_AGGRESSIVE;
				GCC_WARN_UNUSED_FUNCTION = YES;
				GCC_WARN_UNUSED_VARIABLE = YES;
				IPHONEOS_DEPLOYMENT_TARGET = 14.1;
				MTL_ENABLE_DEBUG_INFO = INCLUDE_SOURCE;
				MTL_FAST_MATH = YES;
				ONLY_ACTIVE_ARCH = YES;
				SDKROOT = iphoneos;
				SWIFT_ACTIVE_COMPILATION_CONDITIONS = DEBUG;
				SWIFT_OPTIMIZATION_LEVEL = "-Onone";
			};
			name = Debug;
		};
		9C588A792700CF4900B785F9 /* Release */ = {
			isa = XCBuildConfiguration;
			buildSettings = {
				ALWAYS_SEARCH_USER_PATHS = NO;
				CLANG_ANALYZER_NONNULL = YES;
				CLANG_ANALYZER_NUMBER_OBJECT_CONVERSION = YES_AGGRESSIVE;
				CLANG_CXX_LANGUAGE_STANDARD = "gnu++14";
				CLANG_CXX_LIBRARY = "libc++";
				CLANG_ENABLE_MODULES = YES;
				CLANG_ENABLE_OBJC_ARC = YES;
				CLANG_ENABLE_OBJC_WEAK = YES;
				CLANG_WARN_BLOCK_CAPTURE_AUTORELEASING = YES;
				CLANG_WARN_BOOL_CONVERSION = YES;
				CLANG_WARN_COMMA = YES;
				CLANG_WARN_CONSTANT_CONVERSION = YES;
				CLANG_WARN_DEPRECATED_OBJC_IMPLEMENTATIONS = YES;
				CLANG_WARN_DIRECT_OBJC_ISA_USAGE = YES_ERROR;
				CLANG_WARN_DOCUMENTATION_COMMENTS = YES;
				CLANG_WARN_EMPTY_BODY = YES;
				CLANG_WARN_ENUM_CONVERSION = YES;
				CLANG_WARN_INFINITE_RECURSION = YES;
				CLANG_WARN_INT_CONVERSION = YES;
				CLANG_WARN_NON_LITERAL_NULL_CONVERSION = YES;
				CLANG_WARN_OBJC_IMPLICIT_RETAIN_SELF = YES;
				CLANG_WARN_OBJC_LITERAL_CONVERSION = YES;
				CLANG_WARN_OBJC_ROOT_CLASS = YES_ERROR;
				CLANG_WARN_QUOTED_INCLUDE_IN_FRAMEWORK_HEADER = YES;
				CLANG_WARN_RANGE_LOOP_ANALYSIS = YES;
				CLANG_WARN_STRICT_PROTOTYPES = YES;
				CLANG_WARN_SUSPICIOUS_MOVE = YES;
				CLANG_WARN_UNGUARDED_AVAILABILITY = YES_AGGRESSIVE;
				CLANG_WARN_UNREACHABLE_CODE = YES;
				CLANG_WARN__DUPLICATE_METHOD_MATCH = YES;
				COPY_PHASE_STRIP = NO;
				DEBUG_INFORMATION_FORMAT = "dwarf-with-dsym";
				ENABLE_NS_ASSERTIONS = NO;
				ENABLE_STRICT_OBJC_MSGSEND = YES;
				GCC_C_LANGUAGE_STANDARD = gnu11;
				GCC_NO_COMMON_BLOCKS = YES;
				GCC_WARN_64_TO_32_BIT_CONVERSION = YES;
				GCC_WARN_ABOUT_RETURN_TYPE = YES_ERROR;
				GCC_WARN_UNDECLARED_SELECTOR = YES;
				GCC_WARN_UNINITIALIZED_AUTOS = YES_AGGRESSIVE;
				GCC_WARN_UNUSED_FUNCTION = YES;
				GCC_WARN_UNUSED_VARIABLE = YES;
				IPHONEOS_DEPLOYMENT_TARGET = 14.1;
				MTL_ENABLE_DEBUG_INFO = NO;
				MTL_FAST_MATH = YES;
				SDKROOT = iphoneos;
				SWIFT_COMPILATION_MODE = wholemodule;
				SWIFT_OPTIMIZATION_LEVEL = "-O";
				VALIDATE_PRODUCT = YES;
			};
			name = Release;
		};
		9C588A7B2700CF4900B785F9 /* Debug */ = {
			isa = XCBuildConfiguration;
			baseConfigurationReference = C12D84F0702116EC58CE83A8 /* Pods-MySpotify.debug.xcconfig */;
			buildSettings = {
				ASSETCATALOG_COMPILER_APPICON_NAME = AppIcon;
				ASSETCATALOG_COMPILER_GLOBAL_ACCENT_COLOR_NAME = AccentColor;
				CODE_SIGN_STYLE = Automatic;
				DEVELOPMENT_TEAM = 3VL5UA77DJ;
				INFOPLIST_FILE = MySpotify/Info.plist;
				IPHONEOS_DEPLOYMENT_TARGET = 14.1;
				LD_RUNPATH_SEARCH_PATHS = (
					"$(inherited)",
					"@executable_path/Frameworks",
				);
				PRODUCT_BUNDLE_IDENTIFIER = com.anugrahdev.MySpotify;
				PRODUCT_NAME = "$(TARGET_NAME)";
				SWIFT_VERSION = 5.0;
				TARGETED_DEVICE_FAMILY = 1;
			};
			name = Debug;
		};
		9C588A7C2700CF4900B785F9 /* Release */ = {
			isa = XCBuildConfiguration;
			baseConfigurationReference = 74258F16B3A3AD5BBCEC2B50 /* Pods-MySpotify.release.xcconfig */;
			buildSettings = {
				ASSETCATALOG_COMPILER_APPICON_NAME = AppIcon;
				ASSETCATALOG_COMPILER_GLOBAL_ACCENT_COLOR_NAME = AccentColor;
				CODE_SIGN_STYLE = Automatic;
				DEVELOPMENT_TEAM = 3VL5UA77DJ;
				INFOPLIST_FILE = MySpotify/Info.plist;
				IPHONEOS_DEPLOYMENT_TARGET = 14.1;
				LD_RUNPATH_SEARCH_PATHS = (
					"$(inherited)",
					"@executable_path/Frameworks",
				);
				PRODUCT_BUNDLE_IDENTIFIER = com.anugrahdev.MySpotify;
				PRODUCT_NAME = "$(TARGET_NAME)";
				SWIFT_VERSION = 5.0;
				TARGETED_DEVICE_FAMILY = 1;
			};
			name = Release;
		};
		9C588A7E2700CF4900B785F9 /* Debug */ = {
			isa = XCBuildConfiguration;
			baseConfigurationReference = DC1CFB0741134BE22B72EDFD /* Pods-MySpotifyTests.debug.xcconfig */;
			buildSettings = {
				ALWAYS_EMBED_SWIFT_STANDARD_LIBRARIES = YES;
				BUNDLE_LOADER = "$(TEST_HOST)";
				CODE_SIGN_STYLE = Automatic;
				DEVELOPMENT_TEAM = 3VL5UA77DJ;
				INFOPLIST_FILE = MySpotifyTests/Info.plist;
				IPHONEOS_DEPLOYMENT_TARGET = 14.5;
				LD_RUNPATH_SEARCH_PATHS = (
					"$(inherited)",
					"@executable_path/Frameworks",
					"@loader_path/Frameworks",
				);
				PRODUCT_BUNDLE_IDENTIFIER = com.anugrahdev.MySpotifyTests;
				PRODUCT_NAME = "$(TARGET_NAME)";
				SWIFT_VERSION = 5.0;
				TARGETED_DEVICE_FAMILY = "1,2";
				TEST_HOST = "$(BUILT_PRODUCTS_DIR)/MySpotify.app/MySpotify";
			};
			name = Debug;
		};
		9C588A7F2700CF4900B785F9 /* Release */ = {
			isa = XCBuildConfiguration;
			baseConfigurationReference = CFD83486B72ABDFC0A6C59E6 /* Pods-MySpotifyTests.release.xcconfig */;
			buildSettings = {
				ALWAYS_EMBED_SWIFT_STANDARD_LIBRARIES = YES;
				BUNDLE_LOADER = "$(TEST_HOST)";
				CODE_SIGN_STYLE = Automatic;
				DEVELOPMENT_TEAM = 3VL5UA77DJ;
				INFOPLIST_FILE = MySpotifyTests/Info.plist;
				IPHONEOS_DEPLOYMENT_TARGET = 14.5;
				LD_RUNPATH_SEARCH_PATHS = (
					"$(inherited)",
					"@executable_path/Frameworks",
					"@loader_path/Frameworks",
				);
				PRODUCT_BUNDLE_IDENTIFIER = com.anugrahdev.MySpotifyTests;
				PRODUCT_NAME = "$(TARGET_NAME)";
				SWIFT_VERSION = 5.0;
				TARGETED_DEVICE_FAMILY = "1,2";
				TEST_HOST = "$(BUILT_PRODUCTS_DIR)/MySpotify.app/MySpotify";
			};
			name = Release;
		};
		9C588A812700CF4900B785F9 /* Debug */ = {
			isa = XCBuildConfiguration;
			baseConfigurationReference = 9C6438928D7888E413FEBA0C /* Pods-MySpotify-MySpotifyUITests.debug.xcconfig */;
			buildSettings = {
				ALWAYS_EMBED_SWIFT_STANDARD_LIBRARIES = YES;
				CODE_SIGN_STYLE = Automatic;
				DEVELOPMENT_TEAM = 3VL5UA77DJ;
				INFOPLIST_FILE = MySpotifyUITests/Info.plist;
				LD_RUNPATH_SEARCH_PATHS = (
					"$(inherited)",
					"@executable_path/Frameworks",
					"@loader_path/Frameworks",
				);
				PRODUCT_BUNDLE_IDENTIFIER = com.anugrahdev.MySpotifyUITests;
				PRODUCT_NAME = "$(TARGET_NAME)";
				SWIFT_VERSION = 5.0;
				TARGETED_DEVICE_FAMILY = "1,2";
				TEST_TARGET_NAME = MySpotify;
			};
			name = Debug;
		};
		9C588A822700CF4900B785F9 /* Release */ = {
			isa = XCBuildConfiguration;
			baseConfigurationReference = 3FD29AEC4984604D1F53450C /* Pods-MySpotify-MySpotifyUITests.release.xcconfig */;
			buildSettings = {
				ALWAYS_EMBED_SWIFT_STANDARD_LIBRARIES = YES;
				CODE_SIGN_STYLE = Automatic;
				DEVELOPMENT_TEAM = 3VL5UA77DJ;
				INFOPLIST_FILE = MySpotifyUITests/Info.plist;
				LD_RUNPATH_SEARCH_PATHS = (
					"$(inherited)",
					"@executable_path/Frameworks",
					"@loader_path/Frameworks",
				);
				PRODUCT_BUNDLE_IDENTIFIER = com.anugrahdev.MySpotifyUITests;
				PRODUCT_NAME = "$(TARGET_NAME)";
				SWIFT_VERSION = 5.0;
				TARGETED_DEVICE_FAMILY = "1,2";
				TEST_TARGET_NAME = MySpotify;
			};
			name = Release;
		};
/* End XCBuildConfiguration section */

/* Begin XCConfigurationList section */
		9C588A482700CF4800B785F9 /* Build configuration list for PBXProject "MySpotify" */ = {
			isa = XCConfigurationList;
			buildConfigurations = (
				9C588A782700CF4900B785F9 /* Debug */,
				9C588A792700CF4900B785F9 /* Release */,
			);
			defaultConfigurationIsVisible = 0;
			defaultConfigurationName = Release;
		};
		9C588A7A2700CF4900B785F9 /* Build configuration list for PBXNativeTarget "MySpotify" */ = {
			isa = XCConfigurationList;
			buildConfigurations = (
				9C588A7B2700CF4900B785F9 /* Debug */,
				9C588A7C2700CF4900B785F9 /* Release */,
			);
			defaultConfigurationIsVisible = 0;
			defaultConfigurationName = Release;
		};
		9C588A7D2700CF4900B785F9 /* Build configuration list for PBXNativeTarget "MySpotifyTests" */ = {
			isa = XCConfigurationList;
			buildConfigurations = (
				9C588A7E2700CF4900B785F9 /* Debug */,
				9C588A7F2700CF4900B785F9 /* Release */,
			);
			defaultConfigurationIsVisible = 0;
			defaultConfigurationName = Release;
		};
		9C588A802700CF4900B785F9 /* Build configuration list for PBXNativeTarget "MySpotifyUITests" */ = {
			isa = XCConfigurationList;
			buildConfigurations = (
				9C588A812700CF4900B785F9 /* Debug */,
				9C588A822700CF4900B785F9 /* Release */,
			);
			defaultConfigurationIsVisible = 0;
			defaultConfigurationName = Release;
		};
/* End XCConfigurationList section */

/* Begin XCVersionGroup section */
		9C588A592700CF4800B785F9 /* MySpotify.xcdatamodeld */ = {
			isa = XCVersionGroup;
			children = (
				9C588A5A2700CF4800B785F9 /* MySpotify.xcdatamodel */,
			);
			currentVersion = 9C588A5A2700CF4800B785F9 /* MySpotify.xcdatamodel */;
			path = MySpotify.xcdatamodeld;
			sourceTree = "<group>";
			versionGroupType = wrapper.xcdatamodel;
		};
/* End XCVersionGroup section */
	};
	rootObject = 9C588A452700CF4800B785F9 /* Project object */;
}
